
Microsoft Visual Studio Solution File, Format Version 12.00
# Visual Studio Version 17
VisualStudioVersion = 17.5.002.0
MinimumVisualStudioVersion = 10.0.40219.1
Project("{9A19103F-16F7-4668-BE54-9A1E7A4F7556}") = "TrabajoProyecto", "TrabajoProyecto.csproj", "{9DDBD790-41FB-4970-83F6-77A7A8CD5221}"
EndProject
Global
	GlobalSection(SolutionConfigurationPlatforms) = preSolution
		Debug|Any CPU = Debug|Any CPU
		Release|Any CPU = Release|Any CPU
	EndGlobalSection
	GlobalSection(ProjectConfigurationPlatforms) = postSolution
		{9DDBD790-41FB-4970-83F6-77A7A8CD5221}.Debug|Any CPU.ActiveCfg = Debug|Any CPU
		{9DDBD790-41FB-4970-83F6-77A7A8CD5221}.Debug|Any CPU.Build.0 = Debug|Any CPU
		{9DDBD790-41FB-4970-83F6-77A7A8CD5221}.Release|Any CPU.ActiveCfg = Release|Any CPU
		{9DDBD790-41FB-4970-83F6-77A7A8CD5221}.Release|Any CPU.Build.0 = Release|Any CPU
	EndGlobalSection
	GlobalSection(SolutionProperties) = preSolution
		HideSolutionNode = FALSE
	EndGlobalSection
	GlobalSection(ExtensibilityGlobals) = postSolution
		SolutionGuid = {A186390C-619A-47BE-BCD3-CF49CCE875FC}
	EndGlobalSection
EndGlobal
